// !$*UTF8*$!
{
	archiveVersion = 1;
	classes = {
	};
	objectVersion = 46;
	objects = {

/* Begin PBXBuildFile section */
		E80414C917A557B7008220C9 /* NSArray+TCTools.m in Sources */ = {isa = PBXBuildFile; fileRef = E80414C817A557B7008220C9 /* NSArray+TCTools.m */; };
		E80414CB17A57722008220C9 /* Security.framework in Frameworks */ = {isa = PBXBuildFile; fileRef = E80414CA17A57722008220C9 /* Security.framework */; };
		E807B4B2124FB52700FDC769 /* LogsWindow.xib in Resources */ = {isa = PBXBuildFile; fileRef = E807B4B0124FB52700FDC769 /* LogsWindow.xib */; };
		E809B1451859C593001664E1 /* TCChatTranscriptViewController.m in Sources */ = {isa = PBXBuildFile; fileRef = E809B1441859C593001664E1 /* TCChatTranscriptViewController.m */; };
		E809B1481859C5BC001664E1 /* NSImage+TCExtension.m in Sources */ = {isa = PBXBuildFile; fileRef = E809B1471859C5BC001664E1 /* NSImage+TCExtension.m */; };
		E809B14E1859C6F9001664E1 /* ChatTemplate.plist in Resources */ = {isa = PBXBuildFile; fileRef = E809B14D1859C6F9001664E1 /* ChatTemplate.plist */; };
		E809B1A51859CC4B001664E1 /* WebKit.framework in Frameworks */ = {isa = PBXBuildFile; fileRef = E809B1A41859CC4B001664E1 /* WebKit.framework */; };
		E809B1E71859F186001664E1 /* Images.xcassets in Resources */ = {isa = PBXBuildFile; fileRef = E809B1E61859F186001664E1 /* Images.xcassets */; };
		E8127AA91854CB1100FEDA7F /* TCChatTextField.m in Sources */ = {isa = PBXBuildFile; fileRef = E8127AA81854CB1100FEDA7F /* TCChatTextField.m */; };
		E81FD9F811E7259B000614D5 /* Cocoa.framework in Frameworks */ = {isa = PBXBuildFile; fileRef = E81FD9F711E7259B000614D5 /* Cocoa.framework */; };
		E81FD9FD11E7259B000614D5 /* InfoPlist.strings in Resources */ = {isa = PBXBuildFile; fileRef = E81FD9FB11E7259B000614D5 /* InfoPlist.strings */; };
		E81FDA0211E7259C000614D5 /* MainMenu.xib in Resources */ = {isa = PBXBuildFile; fileRef = E81FDA0011E7259C000614D5 /* MainMenu.xib */; };
		E82B7D7A125A08A800B7BA8A /* TCPreferencesWindowController.m in Sources */ = {isa = PBXBuildFile; fileRef = E82B7D79125A08A800B7BA8A /* TCPreferencesWindowController.m */; };
		E82B7D7D125A098000B7BA8A /* PreferencesWindow.xib in Resources */ = {isa = PBXBuildFile; fileRef = E82B7D7B125A098000B7BA8A /* PreferencesWindow.xib */; };
		E82B7D8F125A115400B7BA8A /* TCMainController.m in Sources */ = {isa = PBXBuildFile; fileRef = E82B7D8E125A115400B7BA8A /* TCMainController.m */; };
		E82D3F83142D2AF300A33C7A /* main.m in Sources */ = {isa = PBXBuildFile; fileRef = E82D3F82142D2AF300A33C7A /* main.m */; };
		E82FA258121583A400106C47 /* BuddiesWindow.xib in Resources */ = {isa = PBXBuildFile; fileRef = E85923FC120A9E4D0035C420 /* BuddiesWindow.xib */; };
		E82FA259121583A800106C47 /* AssistantWindow.xib in Resources */ = {isa = PBXBuildFile; fileRef = E85923F8120A9E3E0035C420 /* AssistantWindow.xib */; };
		E82FA25A121583B300106C47 /* ChatWindow.xib in Resources */ = {isa = PBXBuildFile; fileRef = E85923FA120A9E460035C420 /* ChatWindow.xib */; };
		E83423F111F6FA2100922152 /* Localizable.strings in Resources */ = {isa = PBXBuildFile; fileRef = E83423EA11F6F97B00922152 /* Localizable.strings */; };
		E835491917A810E1003C08BB /* TCInfo.m in Sources */ = {isa = PBXBuildFile; fileRef = E835491817A810E1003C08BB /* TCInfo.m */; };
		E837DAE011E7739D004BC524 /* TCBuddy.m in Sources */ = {isa = PBXBuildFile; fileRef = E837DAD511E7739D004BC524 /* TCBuddy.m */; };
		E837DAE111E7739D004BC524 /* TCBuffer.m in Sources */ = {isa = PBXBuildFile; fileRef = E837DAD711E7739D004BC524 /* TCBuffer.m */; };
		E837DAE311E7739D004BC524 /* TCCoreManager.m in Sources */ = {isa = PBXBuildFile; fileRef = E837DADB11E7739D004BC524 /* TCCoreManager.m */; };
		E8455D3D17A425F00046307B /* TCValue.m in Sources */ = {isa = PBXBuildFile; fileRef = E8455D3C17A425F00046307B /* TCValue.m */; };
		E8455D4617A4386C0046307B /* NSData+TCTools.m in Sources */ = {isa = PBXBuildFile; fileRef = E8455D4517A438660046307B /* NSData+TCTools.m */; };
		E852235217B504CA00C6F585 /* TCChatCellView.m in Sources */ = {isa = PBXBuildFile; fileRef = E852235117B504CA00C6F585 /* TCChatCellView.m */; };
		E85514DF18E4355300970E54 /* libevent-2.0.5.dylib in Resources */ = {isa = PBXBuildFile; fileRef = E85514DD18E4353F00970E54 /* libevent-2.0.5.dylib */; };
		E85903B211EC9877005CE53F /* TCTools.m in Sources */ = {isa = PBXBuildFile; fileRef = E85903B011EC9877005CE53F /* TCTools.m */; };
		E85923F7120A9E060035C420 /* FilesWindow.xib in Resources */ = {isa = PBXBuildFile; fileRef = E85923F5120A9E060035C420 /* FilesWindow.xib */; };
		E86B5A1817AE7C6C00C715CA /* TCFileCellView.m in Sources */ = {isa = PBXBuildFile; fileRef = E86B5A1717AE7C6C00C715CA /* TCFileCellView.m */; };
		E874146B12FAE0C200BD4862 /* TCDropButton.m in Sources */ = {isa = PBXBuildFile; fileRef = E874146A12FAE0C200BD4862 /* TCDropButton.m */; };
		E878981617AFCC0900DB7709 /* TCBuddyCellView.m in Sources */ = {isa = PBXBuildFile; fileRef = E878981517AFCC0900DB7709 /* TCBuddyCellView.m */; };
		E878983A17B05BC800DB7709 /* AssistantPanel_Welcome.xib in Resources */ = {isa = PBXBuildFile; fileRef = E878983817B05BC800DB7709 /* AssistantPanel_Welcome.xib */; };
		E878984717B05C0B00DB7709 /* AssistantPanel_Advanced.xib in Resources */ = {isa = PBXBuildFile; fileRef = E878984117B05C0B00DB7709 /* AssistantPanel_Advanced.xib */; };
		E878984817B05C0B00DB7709 /* AssistantPanel_Basic.xib in Resources */ = {isa = PBXBuildFile; fileRef = E878984317B05C0B00DB7709 /* AssistantPanel_Basic.xib */; };
		E878984917B05C0B00DB7709 /* AssistantPanel_Mode.xib in Resources */ = {isa = PBXBuildFile; fileRef = E878984517B05C0B00DB7709 /* AssistantPanel_Mode.xib */; };
		E87CB85312508F7A00A75686 /* BuddyInfoWindow.xib in Resources */ = {isa = PBXBuildFile; fileRef = E87CB85112508F7A00A75686 /* BuddyInfoWindow.xib */; };
		E88879FF1303EA9F00C7D60E /* TCDragImageView.m in Sources */ = {isa = PBXBuildFile; fileRef = E88879FE1303EA9900C7D60E /* TCDragImageView.m */; };
		E889F09712531CFB000C36B2 /* NSString+TCExtension.m in Sources */ = {isa = PBXBuildFile; fileRef = E889F09612531CFB000C36B2 /* NSString+TCExtension.m */; };
		E889F09A12531D07000C36B2 /* TCButton.m in Sources */ = {isa = PBXBuildFile; fileRef = E889F09912531D07000C36B2 /* TCButton.m */; };
		E889F09D12531D12000C36B2 /* TCTableView.m in Sources */ = {isa = PBXBuildFile; fileRef = E889F09C12531D12000C36B2 /* TCTableView.m */; };
		E889F0A012531D1E000C36B2 /* TCTorManager.m in Sources */ = {isa = PBXBuildFile; fileRef = E889F09F12531D1E000C36B2 /* TCTorManager.m */; };
		E889F0A312531D33000C36B2 /* TCConfigPlist.m in Sources */ = {isa = PBXBuildFile; fileRef = E889F0A212531D33000C36B2 /* TCConfigPlist.m */; };
		E889F0A612531D3F000C36B2 /* TCBuddiesWindowController.m in Sources */ = {isa = PBXBuildFile; fileRef = E889F0A512531D3F000C36B2 /* TCBuddiesWindowController.m */; };
		E889F0A912531D48000C36B2 /* TCBuddyInfoWindowController.m in Sources */ = {isa = PBXBuildFile; fileRef = E889F0A812531D48000C36B2 /* TCBuddyInfoWindowController.m */; };
		E889F0AF12531D62000C36B2 /* TCChatWindowController.m in Sources */ = {isa = PBXBuildFile; fileRef = E889F0AE12531D62000C36B2 /* TCChatWindowController.m */; };
		E889F0BB12531D92000C36B2 /* TCAssistantWindowController.m in Sources */ = {isa = PBXBuildFile; fileRef = E889F0BA12531D92000C36B2 /* TCAssistantWindowController.m */; };
		E889F0BE12531D9C000C36B2 /* TCAssistantBack.m in Sources */ = {isa = PBXBuildFile; fileRef = E889F0BD12531D9C000C36B2 /* TCAssistantBack.m */; };
		E889F0C212531DB2000C36B2 /* TCFilesWindowController.m in Sources */ = {isa = PBXBuildFile; fileRef = E889F0C112531DB2000C36B2 /* TCFilesWindowController.m */; };
		E889F0C812531DC9000C36B2 /* TCLogsWindowController.m in Sources */ = {isa = PBXBuildFile; fileRef = E889F0C712531DC9000C36B2 /* TCLogsWindowController.m */; };
		E889F0CB12531DD6000C36B2 /* TorChatAppDelegate.m in Sources */ = {isa = PBXBuildFile; fileRef = E889F0CA12531DD6000C36B2 /* TorChatAppDelegate.m */; };
		E88AE83711EDE9D50037D808 /* TCConnection.m in Sources */ = {isa = PBXBuildFile; fileRef = E88AE83511EDE9D50037D808 /* TCConnection.m */; };
		E8A2CC49185CC2AF00624448 /* TCThreePartImageView.m in Sources */ = {isa = PBXBuildFile; fileRef = E8A2CC48185CC2AF00624448 /* TCThreePartImageView.m */; };
		E8A6FE2C17A993FC00C4DEAB /* TCPanel_Welcome.m in Sources */ = {isa = PBXBuildFile; fileRef = E8A6FE2B17A993FC00C4DEAB /* TCPanel_Welcome.m */; };
		E8A6FE3217A995AB00C4DEAB /* TCPanel_Mode.m in Sources */ = {isa = PBXBuildFile; fileRef = E8A6FE3117A995AB00C4DEAB /* TCPanel_Mode.m */; };
		E8A6FE3517A995D100C4DEAB /* TCPanel_Advanced.m in Sources */ = {isa = PBXBuildFile; fileRef = E8A6FE3417A995D100C4DEAB /* TCPanel_Advanced.m */; };
		E8A6FE3817A995F100C4DEAB /* TCPanel_Basic.m in Sources */ = {isa = PBXBuildFile; fileRef = E8A6FE3717A995F100C4DEAB /* TCPanel_Basic.m */; };
		E8A7F6DE185D22F8002A4495 /* TCChatTableView.m in Sources */ = {isa = PBXBuildFile; fileRef = E8A7F6DD185D22F8002A4495 /* TCChatTableView.m */; };
		E8BE843C124254BE0013968B /* tor in Resources */ = {isa = PBXBuildFile; fileRef = E8BE843B124254BD0013968B /* tor */; };
		E8C1EFF312F7169400E24C42 /* TCImage.m in Sources */ = {isa = PBXBuildFile; fileRef = E8C1EFF112F7169400E24C42 /* TCImage.m */; };
		E8C3982B1205D51000B9307B /* TCSocket.m in Sources */ = {isa = PBXBuildFile; fileRef = E8C398291205D51000B9307B /* TCSocket.m */; };
		E8CC776F18ED50C5003AB0BF /* TCDragImage.m in Sources */ = {isa = PBXBuildFile; fileRef = E8CC776E18ED50C5003AB0BF /* TCDragImage.m */; };
		E8CCCD7211FEE70E00C8EEFF /* TCFileSend.m in Sources */ = {isa = PBXBuildFile; fileRef = E8CCCD7011FEE70E00C8EEFF /* TCFileSend.m */; };
		E8CCCD7511FEE72500C8EEFF /* TCFileReceive.m in Sources */ = {isa = PBXBuildFile; fileRef = E8CCCD7311FEE72500C8EEFF /* TCFileReceive.m */; };
		E8D5E26214DAA0B400973297 /* TCSplitView.m in Sources */ = {isa = PBXBuildFile; fileRef = E8D5E26114DAA0B400973297 /* TCSplitView.m */; };
		E8D5E26514DACFA200973297 /* ChatView.xib in Resources */ = {isa = PBXBuildFile; fileRef = E8D5E26314DACFA200973297 /* ChatView.xib */; };
		E8D5E26B14DAD3E200973297 /* TCChatViewController.m in Sources */ = {isa = PBXBuildFile; fileRef = E8D5E26A14DAD3E200973297 /* TCChatViewController.m */; };
		E8EDBCD417AA4C6500172B9C /* TCLogsManager.m in Sources */ = {isa = PBXBuildFile; fileRef = E8EDBCD317AA4C6500172B9C /* TCLogsManager.m */; };
		E8F15A7A130425A4000593E1 /* TCKeyedText.m in Sources */ = {isa = PBXBuildFile; fileRef = E8F15A79130425A4000593E1 /* TCKeyedText.m */; };
		E8F16D3411FF7E9700DFA05F /* TCParser.m in Sources */ = {isa = PBXBuildFile; fileRef = E8F16D3211FF7E9700DFA05F /* TCParser.m */; };
/* End PBXBuildFile section */

/* Begin PBXFileReference section */
		E80414C717A557B7008220C9 /* NSArray+TCTools.h */ = {isa = PBXFileReference; fileEncoding = 4; lastKnownFileType = sourcecode.c.h; path = "NSArray+TCTools.h"; sourceTree = "<group>"; };
		E80414C817A557B7008220C9 /* NSArray+TCTools.m */ = {isa = PBXFileReference; fileEncoding = 4; lastKnownFileType = sourcecode.c.objc; path = "NSArray+TCTools.m"; sourceTree = "<group>"; };
		E80414CA17A57722008220C9 /* Security.framework */ = {isa = PBXFileReference; lastKnownFileType = wrapper.framework; name = Security.framework; path = System/Library/Frameworks/Security.framework; sourceTree = SDKROOT; };
		E809B1431859C593001664E1 /* TCChatTranscriptViewController.h */ = {isa = PBXFileReference; fileEncoding = 4; lastKnownFileType = sourcecode.c.h; name = TCChatTranscriptViewController.h; path = Interface/TCChatTranscriptViewController.h; sourceTree = "<group>"; };
		E809B1441859C593001664E1 /* TCChatTranscriptViewController.m */ = {isa = PBXFileReference; fileEncoding = 4; lastKnownFileType = sourcecode.c.objc; name = TCChatTranscriptViewController.m; path = Interface/TCChatTranscriptViewController.m; sourceTree = "<group>"; };
		E809B1461859C5BC001664E1 /* NSImage+TCExtension.h */ = {isa = PBXFileReference; fileEncoding = 4; lastKnownFileType = sourcecode.c.h; name = "NSImage+TCExtension.h"; path = "Interface/NSImage+TCExtension.h"; sourceTree = "<group>"; };
		E809B1471859C5BC001664E1 /* NSImage+TCExtension.m */ = {isa = PBXFileReference; fileEncoding = 4; lastKnownFileType = sourcecode.c.objc; name = "NSImage+TCExtension.m"; path = "Interface/NSImage+TCExtension.m"; sourceTree = "<group>"; };
		E809B14D1859C6F9001664E1 /* ChatTemplate.plist */ = {isa = PBXFileReference; fileEncoding = 4; lastKnownFileType = text.plist.xml; name = ChatTemplate.plist; path = TorChat/Resources/ChatTemplate.plist; sourceTree = SOURCE_ROOT; };
		E809B1A41859CC4B001664E1 /* WebKit.framework */ = {isa = PBXFileReference; lastKnownFileType = wrapper.framework; name = WebKit.framework; path = System/Library/Frameworks/WebKit.framework; sourceTree = SDKROOT; };
		E809B1E61859F186001664E1 /* Images.xcassets */ = {isa = PBXFileReference; lastKnownFileType = folder.assetcatalog; name = Images.xcassets; path = TorChat/Medias/Images.xcassets; sourceTree = "<group>"; };
		E8127AA71854CB1100FEDA7F /* TCChatTextField.h */ = {isa = PBXFileReference; fileEncoding = 4; lastKnownFileType = sourcecode.c.h; name = TCChatTextField.h; path = Interface/TCChatTextField.h; sourceTree = "<group>"; };
		E8127AA81854CB1100FEDA7F /* TCChatTextField.m */ = {isa = PBXFileReference; fileEncoding = 4; lastKnownFileType = sourcecode.c.objc; name = TCChatTextField.m; path = Interface/TCChatTextField.m; sourceTree = "<group>"; };
		E81FD9F411E7259B000614D5 /* TorChat.app */ = {isa = PBXFileReference; explicitFileType = wrapper.application; includeInIndex = 0; path = TorChat.app; sourceTree = BUILT_PRODUCTS_DIR; };
		E81FD9F711E7259B000614D5 /* Cocoa.framework */ = {isa = PBXFileReference; lastKnownFileType = wrapper.framework; name = Cocoa.framework; path = System/Library/Frameworks/Cocoa.framework; sourceTree = SDKROOT; };
		E81FD9FC11E7259B000614D5 /* en */ = {isa = PBXFileReference; fileEncoding = 4; lastKnownFileType = text.plist.strings; name = en; path = TorChat/en.lproj/InfoPlist.strings; sourceTree = "<group>"; };
		E82B7D72125A074600B7BA8A /* TCPreferencesWindowController.h */ = {isa = PBXFileReference; fileEncoding = 4; lastKnownFileType = sourcecode.c.h; name = TCPreferencesWindowController.h; path = Interface/TCPreferencesWindowController.h; sourceTree = "<group>"; };
		E82B7D79125A08A800B7BA8A /* TCPreferencesWindowController.m */ = {isa = PBXFileReference; fileEncoding = 4; lastKnownFileType = sourcecode.c.objc; name = TCPreferencesWindowController.m; path = Interface/TCPreferencesWindowController.m; sourceTree = "<group>"; };
		E82B7D88125A0EA700B7BA8A /* TCMainController.h */ = {isa = PBXFileReference; fileEncoding = 4; lastKnownFileType = sourcecode.c.h; name = TCMainController.h; path = Interface/TCMainController.h; sourceTree = "<group>"; };
		E82B7D8E125A115400B7BA8A /* TCMainController.m */ = {isa = PBXFileReference; fileEncoding = 4; lastKnownFileType = sourcecode.c.objc; name = TCMainController.m; path = Interface/TCMainController.m; sourceTree = "<group>"; };
		E82D3F7F142D2AB400A33C7A /* TorChat-Info.plist */ = {isa = PBXFileReference; fileEncoding = 4; lastKnownFileType = text.plist.xml; name = "TorChat-Info.plist"; path = "TorChat/TorChat-Info.plist"; sourceTree = "<group>"; };
		E82D3F81142D2ABF00A33C7A /* TorChat_Prefix.pch */ = {isa = PBXFileReference; fileEncoding = 4; lastKnownFileType = sourcecode.c.h; name = TorChat_Prefix.pch; path = TorChat/TorChat_Prefix.pch; sourceTree = "<group>"; };
		E82D3F82142D2AF300A33C7A /* main.m */ = {isa = PBXFileReference; fileEncoding = 4; lastKnownFileType = sourcecode.c.objc; name = main.m; path = TorChat/main.m; sourceTree = "<group>"; };
		E83423EB11F6F97B00922152 /* en */ = {isa = PBXFileReference; fileEncoding = 4; lastKnownFileType = text.plist.strings; name = en; path = TorChat/en.lproj/Localizable.strings; sourceTree = "<group>"; };
		E835491717A810E1003C08BB /* TCInfo.h */ = {isa = PBXFileReference; fileEncoding = 4; lastKnownFileType = sourcecode.c.h; name = TCInfo.h; path = TorChat/Sources/Core/TCInfo.h; sourceTree = SOURCE_ROOT; };
		E835491817A810E1003C08BB /* TCInfo.m */ = {isa = PBXFileReference; fileEncoding = 4; lastKnownFileType = sourcecode.c.objc; name = TCInfo.m; path = TorChat/Sources/Core/TCInfo.m; sourceTree = SOURCE_ROOT; };
		E837DAD511E7739D004BC524 /* TCBuddy.m */ = {isa = PBXFileReference; fileEncoding = 4; lastKnownFileType = sourcecode.c.objc; lineEnding = 0; path = TCBuddy.m; sourceTree = "<group>"; };
		E837DAD611E7739D004BC524 /* TCBuddy.h */ = {isa = PBXFileReference; fileEncoding = 4; lastKnownFileType = sourcecode.c.h; path = TCBuddy.h; sourceTree = "<group>"; };
		E837DAD711E7739D004BC524 /* TCBuffer.m */ = {isa = PBXFileReference; fileEncoding = 4; lastKnownFileType = sourcecode.c.objc; path = TCBuffer.m; sourceTree = "<group>"; };
		E837DAD811E7739D004BC524 /* TCBuffer.h */ = {isa = PBXFileReference; fileEncoding = 4; lastKnownFileType = sourcecode.c.h; path = TCBuffer.h; sourceTree = "<group>"; };
		E837DADA11E7739D004BC524 /* TCConfig.h */ = {isa = PBXFileReference; fileEncoding = 4; lastKnownFileType = sourcecode.c.h; path = TCConfig.h; sourceTree = "<group>"; };
		E837DADB11E7739D004BC524 /* TCCoreManager.m */ = {isa = PBXFileReference; fileEncoding = 4; lastKnownFileType = sourcecode.c.objc; path = TCCoreManager.m; sourceTree = "<group>"; };
		E837DADC11E7739D004BC524 /* TCCoreManager.h */ = {isa = PBXFileReference; fileEncoding = 4; lastKnownFileType = sourcecode.c.h; path = TCCoreManager.h; sourceTree = "<group>"; };
		E8455D3B17A425F00046307B /* TCValue.h */ = {isa = PBXFileReference; fileEncoding = 4; lastKnownFileType = sourcecode.c.h; name = TCValue.h; path = Interface/TCValue.h; sourceTree = "<group>"; };
		E8455D3C17A425F00046307B /* TCValue.m */ = {isa = PBXFileReference; fileEncoding = 4; lastKnownFileType = sourcecode.c.objc; name = TCValue.m; path = Interface/TCValue.m; sourceTree = "<group>"; };
		E8455D4417A438660046307B /* NSData+TCTools.h */ = {isa = PBXFileReference; lastKnownFileType = sourcecode.c.h; path = "NSData+TCTools.h"; sourceTree = "<group>"; };
		E8455D4517A438660046307B /* NSData+TCTools.m */ = {isa = PBXFileReference; lastKnownFileType = sourcecode.c.objc; path = "NSData+TCTools.m"; sourceTree = "<group>"; };
		E84641AF186091FE0046BEFB /* TCDebugLog.h */ = {isa = PBXFileReference; lastKnownFileType = sourcecode.c.h; path = TCDebugLog.h; sourceTree = "<group>"; };
		E84FE49617B06357006E2D12 /* en */ = {isa = PBXFileReference; lastKnownFileType = text.plist.strings; name = en; path = TorChat/en.lproj/MainMenu.strings; sourceTree = "<group>"; };
		E84FE49717B06375006E2D12 /* en */ = {isa = PBXFileReference; lastKnownFileType = text.plist.strings; name = en; path = TorChat/en.lproj/ChatWindow.strings; sourceTree = "<group>"; };
		E84FE49817B0637C006E2D12 /* en */ = {isa = PBXFileReference; lastKnownFileType = text.plist.strings; name = en; path = TorChat/en.lproj/ChatView.strings; sourceTree = "<group>"; };
		E852235017B504CA00C6F585 /* TCChatCellView.h */ = {isa = PBXFileReference; fileEncoding = 4; lastKnownFileType = sourcecode.c.h; name = TCChatCellView.h; path = Interface/TCChatCellView.h; sourceTree = "<group>"; };
		E852235117B504CA00C6F585 /* TCChatCellView.m */ = {isa = PBXFileReference; fileEncoding = 4; lastKnownFileType = sourcecode.c.objc; name = TCChatCellView.m; path = Interface/TCChatCellView.m; sourceTree = "<group>"; };
		E85514DD18E4353F00970E54 /* libevent-2.0.5.dylib */ = {isa = PBXFileReference; lastKnownFileType = "compiled.mach-o.dylib"; name = "libevent-2.0.5.dylib"; path = "TorChat/Resources/libevent-2.0.5.dylib"; sourceTree = "<group>"; };
		E85903B011EC9877005CE53F /* TCTools.m */ = {isa = PBXFileReference; fileEncoding = 4; lastKnownFileType = sourcecode.c.objc; path = TCTools.m; sourceTree = "<group>"; };
		E85903B111EC9877005CE53F /* TCTools.h */ = {isa = PBXFileReference; fileEncoding = 4; lastKnownFileType = sourcecode.c.h; path = TCTools.h; sourceTree = "<group>"; };
		E86B5A1617AE7C6C00C715CA /* TCFileCellView.h */ = {isa = PBXFileReference; fileEncoding = 4; lastKnownFileType = sourcecode.c.h; name = TCFileCellView.h; path = Interface/TCFileCellView.h; sourceTree = "<group>"; };
		E86B5A1717AE7C6C00C715CA /* TCFileCellView.m */ = {isa = PBXFileReference; fileEncoding = 4; lastKnownFileType = sourcecode.c.objc; name = TCFileCellView.m; path = Interface/TCFileCellView.m; sourceTree = "<group>"; };
		E874146912FAE0C200BD4862 /* TCDropButton.h */ = {isa = PBXFileReference; fileEncoding = 4; lastKnownFileType = sourcecode.c.h; name = TCDropButton.h; path = Interface/TCDropButton.h; sourceTree = "<group>"; };
		E874146A12FAE0C200BD4862 /* TCDropButton.m */ = {isa = PBXFileReference; fileEncoding = 4; lastKnownFileType = sourcecode.c.objc; name = TCDropButton.m; path = Interface/TCDropButton.m; sourceTree = "<group>"; };
		E878981417AFCC0900DB7709 /* TCBuddyCellView.h */ = {isa = PBXFileReference; fileEncoding = 4; lastKnownFileType = sourcecode.c.h; name = TCBuddyCellView.h; path = Interface/TCBuddyCellView.h; sourceTree = "<group>"; };
		E878981517AFCC0900DB7709 /* TCBuddyCellView.m */ = {isa = PBXFileReference; fileEncoding = 4; lastKnownFileType = sourcecode.c.objc; name = TCBuddyCellView.m; path = Interface/TCBuddyCellView.m; sourceTree = "<group>"; };
		E878981717B0581B00DB7709 /* Base */ = {isa = PBXFileReference; lastKnownFileType = file.xib; name = Base; path = TorChat/Base.lproj/BuddiesWindow.xib; sourceTree = "<group>"; };
		E878981817B0581B00DB7709 /* Base */ = {isa = PBXFileReference; lastKnownFileType = file.xib; name = Base; path = TorChat/Base.lproj/BuddyInfoWindow.xib; sourceTree = "<group>"; };
		E878981917B0581B00DB7709 /* Base */ = {isa = PBXFileReference; lastKnownFileType = file.xib; name = Base; path = TorChat/Base.lproj/ChatWindow.xib; sourceTree = "<group>"; };
		E878981A17B0581B00DB7709 /* Base */ = {isa = PBXFileReference; lastKnownFileType = file.xib; name = Base; path = TorChat/Base.lproj/ChatView.xib; sourceTree = "<group>"; };
		E878981B17B0581B00DB7709 /* Base */ = {isa = PBXFileReference; lastKnownFileType = file.xib; name = Base; path = TorChat/Base.lproj/AssistantWindow.xib; sourceTree = "<group>"; };
		E878982017B0581B00DB7709 /* Base */ = {isa = PBXFileReference; lastKnownFileType = file.xib; name = Base; path = TorChat/Base.lproj/FilesWindow.xib; sourceTree = "<group>"; };
		E878982117B0581B00DB7709 /* Base */ = {isa = PBXFileReference; lastKnownFileType = file.xib; name = Base; path = TorChat/Base.lproj/LogsWindow.xib; sourceTree = "<group>"; };
		E878982217B0581B00DB7709 /* Base */ = {isa = PBXFileReference; lastKnownFileType = file.xib; name = Base; path = TorChat/Base.lproj/PreferencesWindow.xib; sourceTree = "<group>"; };
		E878982317B0581B00DB7709 /* Base */ = {isa = PBXFileReference; lastKnownFileType = file.xib; name = Base; path = TorChat/Base.lproj/MainMenu.xib; sourceTree = "<group>"; };
		E878982517B0585700DB7709 /* en */ = {isa = PBXFileReference; lastKnownFileType = text.plist.strings; name = en; path = TorChat/en.lproj/FilesWindow.strings; sourceTree = "<group>"; };
		E878982F17B0588A00DB7709 /* en */ = {isa = PBXFileReference; lastKnownFileType = text.plist.strings; name = en; path = TorChat/en.lproj/AssistantWindow.strings; sourceTree = "<group>"; };
		E878983117B0589500DB7709 /* en */ = {isa = PBXFileReference; lastKnownFileType = text.plist.strings; name = en; path = TorChat/en.lproj/BuddyInfoWindow.strings; sourceTree = "<group>"; };
		E878983317B0589C00DB7709 /* en */ = {isa = PBXFileReference; lastKnownFileType = text.plist.strings; name = en; path = TorChat/en.lproj/BuddiesWindow.strings; sourceTree = "<group>"; };
		E878983517B058A700DB7709 /* en */ = {isa = PBXFileReference; lastKnownFileType = text.plist.strings; name = en; path = TorChat/en.lproj/LogsWindow.strings; sourceTree = "<group>"; };
		E878983717B058AE00DB7709 /* en */ = {isa = PBXFileReference; lastKnownFileType = text.plist.strings; name = en; path = TorChat/en.lproj/PreferencesWindow.strings; sourceTree = "<group>"; };
		E878983917B05BC800DB7709 /* Base */ = {isa = PBXFileReference; lastKnownFileType = file.xib; name = Base; path = TorChat/Base.lproj/AssistantPanel_Welcome.xib; sourceTree = "<group>"; };
		E878984217B05C0B00DB7709 /* Base */ = {isa = PBXFileReference; lastKnownFileType = file.xib; name = Base; path = TorChat/Base.lproj/AssistantPanel_Advanced.xib; sourceTree = "<group>"; };
		E878984417B05C0B00DB7709 /* Base */ = {isa = PBXFileReference; lastKnownFileType = file.xib; name = Base; path = TorChat/Base.lproj/AssistantPanel_Basic.xib; sourceTree = "<group>"; };
		E878984617B05C0B00DB7709 /* Base */ = {isa = PBXFileReference; lastKnownFileType = file.xib; name = Base; path = TorChat/Base.lproj/AssistantPanel_Mode.xib; sourceTree = "<group>"; };
		E87E205A17B1084A00FAB545 /* fr */ = {isa = PBXFileReference; lastKnownFileType = text.plist.strings; name = fr; path = TorChat/fr.lproj/BuddiesWindow.strings; sourceTree = "<group>"; };
		E87E205B17B1084A00FAB545 /* fr */ = {isa = PBXFileReference; lastKnownFileType = text.plist.strings; name = fr; path = TorChat/fr.lproj/BuddyInfoWindow.strings; sourceTree = "<group>"; };
		E87E205C17B1084A00FAB545 /* fr */ = {isa = PBXFileReference; lastKnownFileType = text.plist.strings; name = fr; path = TorChat/fr.lproj/ChatWindow.strings; sourceTree = "<group>"; };
		E87E205D17B1084A00FAB545 /* fr */ = {isa = PBXFileReference; lastKnownFileType = text.plist.strings; name = fr; path = TorChat/fr.lproj/ChatView.strings; sourceTree = "<group>"; };
		E87E205E17B1084A00FAB545 /* fr */ = {isa = PBXFileReference; lastKnownFileType = text.plist.strings; name = fr; path = TorChat/fr.lproj/AssistantWindow.strings; sourceTree = "<group>"; };
		E87E205F17B1084A00FAB545 /* fr */ = {isa = PBXFileReference; lastKnownFileType = text.plist.strings; name = fr; path = TorChat/fr.lproj/AssistantPanel_Mode.strings; sourceTree = "<group>"; };
		E87E206017B1084A00FAB545 /* fr */ = {isa = PBXFileReference; lastKnownFileType = text.plist.strings; name = fr; path = TorChat/fr.lproj/AssistantPanel_Advanced.strings; sourceTree = "<group>"; };
		E87E206117B1084A00FAB545 /* fr */ = {isa = PBXFileReference; lastKnownFileType = text.plist.strings; name = fr; path = TorChat/fr.lproj/AssistantPanel_Basic.strings; sourceTree = "<group>"; };
		E87E206217B1084A00FAB545 /* fr */ = {isa = PBXFileReference; lastKnownFileType = text.plist.strings; name = fr; path = TorChat/fr.lproj/AssistantPanel_Welcome.strings; sourceTree = "<group>"; };
		E87E206317B1084A00FAB545 /* fr */ = {isa = PBXFileReference; lastKnownFileType = text.plist.strings; name = fr; path = TorChat/fr.lproj/FilesWindow.strings; sourceTree = "<group>"; };
		E87E206417B1084A00FAB545 /* fr */ = {isa = PBXFileReference; lastKnownFileType = text.plist.strings; name = fr; path = TorChat/fr.lproj/LogsWindow.strings; sourceTree = "<group>"; };
		E87E206517B1084A00FAB545 /* fr */ = {isa = PBXFileReference; lastKnownFileType = text.plist.strings; name = fr; path = TorChat/fr.lproj/PreferencesWindow.strings; sourceTree = "<group>"; };
		E87E206617B1084A00FAB545 /* fr */ = {isa = PBXFileReference; lastKnownFileType = text.plist.strings; name = fr; path = TorChat/fr.lproj/MainMenu.strings; sourceTree = "<group>"; };
		E87E206717B1084A00FAB545 /* fr */ = {isa = PBXFileReference; lastKnownFileType = text.plist.strings; name = fr; path = TorChat/fr.lproj/InfoPlist.strings; sourceTree = "<group>"; };
		E87E206817B1084A00FAB545 /* fr */ = {isa = PBXFileReference; lastKnownFileType = text.plist.strings; name = fr; path = TorChat/fr.lproj/Localizable.strings; sourceTree = "<group>"; };
		E882D1AC1429DD0B009CCD01 /* TCConfigProxy.h */ = {isa = PBXFileReference; fileEncoding = 4; lastKnownFileType = sourcecode.c.h; name = TCConfigProxy.h; path = Shared/TCConfigProxy.h; sourceTree = SOURCE_ROOT; };
		E88879FD1303EA9600C7D60E /* TCDragImageView.h */ = {isa = PBXFileReference; fileEncoding = 4; lastKnownFileType = sourcecode.c.h; name = TCDragImageView.h; path = Interface/TCDragImageView.h; sourceTree = "<group>"; };
		E88879FE1303EA9900C7D60E /* TCDragImageView.m */ = {isa = PBXFileReference; fileEncoding = 4; lastKnownFileType = sourcecode.c.objc; name = TCDragImageView.m; path = Interface/TCDragImageView.m; sourceTree = "<group>"; };
		E889F09512531CFB000C36B2 /* NSString+TCExtension.h */ = {isa = PBXFileReference; fileEncoding = 4; lastKnownFileType = sourcecode.c.h; name = "NSString+TCExtension.h"; path = "Interface/NSString+TCExtension.h"; sourceTree = "<group>"; };
		E889F09612531CFB000C36B2 /* NSString+TCExtension.m */ = {isa = PBXFileReference; fileEncoding = 4; lastKnownFileType = sourcecode.c.objc; name = "NSString+TCExtension.m"; path = "Interface/NSString+TCExtension.m"; sourceTree = "<group>"; };
		E889F09812531D07000C36B2 /* TCButton.h */ = {isa = PBXFileReference; fileEncoding = 4; lastKnownFileType = sourcecode.c.h; name = TCButton.h; path = Interface/TCButton.h; sourceTree = "<group>"; };
		E889F09912531D07000C36B2 /* TCButton.m */ = {isa = PBXFileReference; fileEncoding = 4; lastKnownFileType = sourcecode.c.objc; name = TCButton.m; path = Interface/TCButton.m; sourceTree = "<group>"; };
		E889F09B12531D12000C36B2 /* TCTableView.h */ = {isa = PBXFileReference; fileEncoding = 4; lastKnownFileType = sourcecode.c.h; name = TCTableView.h; path = Interface/TCTableView.h; sourceTree = "<group>"; };
		E889F09C12531D12000C36B2 /* TCTableView.m */ = {isa = PBXFileReference; fileEncoding = 4; lastKnownFileType = sourcecode.c.objc; name = TCTableView.m; path = Interface/TCTableView.m; sourceTree = "<group>"; };
		E889F09E12531D1E000C36B2 /* TCTorManager.h */ = {isa = PBXFileReference; fileEncoding = 4; lastKnownFileType = sourcecode.c.h; name = TCTorManager.h; path = Interface/TCTorManager.h; sourceTree = "<group>"; };
		E889F09F12531D1E000C36B2 /* TCTorManager.m */ = {isa = PBXFileReference; fileEncoding = 4; lastKnownFileType = sourcecode.c.objc; name = TCTorManager.m; path = Interface/TCTorManager.m; sourceTree = "<group>"; };
		E889F0A112531D33000C36B2 /* TCConfigPlist.h */ = {isa = PBXFileReference; fileEncoding = 4; lastKnownFileType = sourcecode.c.h; name = TCConfigPlist.h; path = Interface/TCConfigPlist.h; sourceTree = "<group>"; };
		E889F0A212531D33000C36B2 /* TCConfigPlist.m */ = {isa = PBXFileReference; fileEncoding = 4; lastKnownFileType = sourcecode.c.objc; name = TCConfigPlist.m; path = Interface/TCConfigPlist.m; sourceTree = "<group>"; };
		E889F0A412531D3F000C36B2 /* TCBuddiesWindowController.h */ = {isa = PBXFileReference; fileEncoding = 4; lastKnownFileType = sourcecode.c.h; name = TCBuddiesWindowController.h; path = Interface/TCBuddiesWindowController.h; sourceTree = "<group>"; };
		E889F0A512531D3F000C36B2 /* TCBuddiesWindowController.m */ = {isa = PBXFileReference; fileEncoding = 4; lastKnownFileType = sourcecode.c.objc; lineEnding = 0; name = TCBuddiesWindowController.m; path = Interface/TCBuddiesWindowController.m; sourceTree = "<group>"; xcLanguageSpecificationIdentifier = xcode.lang.objc; };
		E889F0A712531D48000C36B2 /* TCBuddyInfoWindowController.h */ = {isa = PBXFileReference; fileEncoding = 4; lastKnownFileType = sourcecode.c.h; name = TCBuddyInfoWindowController.h; path = Interface/TCBuddyInfoWindowController.h; sourceTree = "<group>"; };
		E889F0A812531D48000C36B2 /* TCBuddyInfoWindowController.m */ = {isa = PBXFileReference; fileEncoding = 4; lastKnownFileType = sourcecode.c.objc; name = TCBuddyInfoWindowController.m; path = Interface/TCBuddyInfoWindowController.m; sourceTree = "<group>"; };
		E889F0AD12531D62000C36B2 /* TCChatWindowController.h */ = {isa = PBXFileReference; fileEncoding = 4; lastKnownFileType = sourcecode.c.h; name = TCChatWindowController.h; path = Interface/TCChatWindowController.h; sourceTree = "<group>"; };
		E889F0AE12531D62000C36B2 /* TCChatWindowController.m */ = {isa = PBXFileReference; fileEncoding = 4; lastKnownFileType = sourcecode.c.objc; name = TCChatWindowController.m; path = Interface/TCChatWindowController.m; sourceTree = "<group>"; };
		E889F0B912531D92000C36B2 /* TCAssistantWindowController.h */ = {isa = PBXFileReference; fileEncoding = 4; lastKnownFileType = sourcecode.c.h; name = TCAssistantWindowController.h; path = Interface/TCAssistantWindowController.h; sourceTree = "<group>"; };
		E889F0BA12531D92000C36B2 /* TCAssistantWindowController.m */ = {isa = PBXFileReference; fileEncoding = 4; lastKnownFileType = sourcecode.c.objc; name = TCAssistantWindowController.m; path = Interface/TCAssistantWindowController.m; sourceTree = "<group>"; };
		E889F0BC12531D9C000C36B2 /* TCAssistantBack.h */ = {isa = PBXFileReference; fileEncoding = 4; lastKnownFileType = sourcecode.c.h; name = TCAssistantBack.h; path = Interface/TCAssistantBack.h; sourceTree = "<group>"; };
		E889F0BD12531D9C000C36B2 /* TCAssistantBack.m */ = {isa = PBXFileReference; fileEncoding = 4; lastKnownFileType = sourcecode.c.objc; name = TCAssistantBack.m; path = Interface/TCAssistantBack.m; sourceTree = "<group>"; };
		E889F0BF12531DAC000C36B2 /* TCFilesCommon.h */ = {isa = PBXFileReference; fileEncoding = 4; lastKnownFileType = sourcecode.c.h; name = TCFilesCommon.h; path = Interface/TCFilesCommon.h; sourceTree = "<group>"; };
		E889F0C012531DB2000C36B2 /* TCFilesWindowController.h */ = {isa = PBXFileReference; fileEncoding = 4; lastKnownFileType = sourcecode.c.h; name = TCFilesWindowController.h; path = Interface/TCFilesWindowController.h; sourceTree = "<group>"; };
		E889F0C112531DB2000C36B2 /* TCFilesWindowController.m */ = {isa = PBXFileReference; fileEncoding = 4; lastKnownFileType = sourcecode.c.objc; name = TCFilesWindowController.m; path = Interface/TCFilesWindowController.m; sourceTree = "<group>"; };
		E889F0C612531DC9000C36B2 /* TCLogsWindowController.h */ = {isa = PBXFileReference; fileEncoding = 4; lastKnownFileType = sourcecode.c.h; name = TCLogsWindowController.h; path = Interface/TCLogsWindowController.h; sourceTree = "<group>"; };
		E889F0C712531DC9000C36B2 /* TCLogsWindowController.m */ = {isa = PBXFileReference; fileEncoding = 4; lastKnownFileType = sourcecode.c.objc; name = TCLogsWindowController.m; path = Interface/TCLogsWindowController.m; sourceTree = "<group>"; };
		E889F0C912531DD6000C36B2 /* TorChatAppDelegate.h */ = {isa = PBXFileReference; fileEncoding = 4; lastKnownFileType = sourcecode.c.h; name = TorChatAppDelegate.h; path = Interface/TorChatAppDelegate.h; sourceTree = "<group>"; };
		E889F0CA12531DD6000C36B2 /* TorChatAppDelegate.m */ = {isa = PBXFileReference; fileEncoding = 4; lastKnownFileType = sourcecode.c.objc; name = TorChatAppDelegate.m; path = Interface/TorChatAppDelegate.m; sourceTree = "<group>"; };
		E88AE83511EDE9D50037D808 /* TCConnection.m */ = {isa = PBXFileReference; fileEncoding = 4; lastKnownFileType = sourcecode.c.objc; path = TCConnection.m; sourceTree = "<group>"; };
		E88AE83611EDE9D50037D808 /* TCConnection.h */ = {isa = PBXFileReference; fileEncoding = 4; lastKnownFileType = sourcecode.c.h; path = TCConnection.h; sourceTree = "<group>"; };
		E8A2CC47185CC2AF00624448 /* TCThreePartImageView.h */ = {isa = PBXFileReference; fileEncoding = 4; lastKnownFileType = sourcecode.c.h; name = TCThreePartImageView.h; path = Interface/TCThreePartImageView.h; sourceTree = "<group>"; };
		E8A2CC48185CC2AF00624448 /* TCThreePartImageView.m */ = {isa = PBXFileReference; fileEncoding = 4; lastKnownFileType = sourcecode.c.objc; name = TCThreePartImageView.m; path = Interface/TCThreePartImageView.m; sourceTree = "<group>"; };
		E8A6FE2A17A993FC00C4DEAB /* TCPanel_Welcome.h */ = {isa = PBXFileReference; fileEncoding = 4; lastKnownFileType = sourcecode.c.h; name = TCPanel_Welcome.h; path = Interface/TCPanel_Welcome.h; sourceTree = "<group>"; };
		E8A6FE2B17A993FC00C4DEAB /* TCPanel_Welcome.m */ = {isa = PBXFileReference; fileEncoding = 4; lastKnownFileType = sourcecode.c.objc; name = TCPanel_Welcome.m; path = Interface/TCPanel_Welcome.m; sourceTree = "<group>"; };
		E8A6FE2D17A9942700C4DEAB /* TCPanel.h */ = {isa = PBXFileReference; fileEncoding = 4; lastKnownFileType = sourcecode.c.h; name = TCPanel.h; path = Interface/TCPanel.h; sourceTree = "<group>"; };
		E8A6FE3017A995AB00C4DEAB /* TCPanel_Mode.h */ = {isa = PBXFileReference; fileEncoding = 4; lastKnownFileType = sourcecode.c.h; name = TCPanel_Mode.h; path = Interface/TCPanel_Mode.h; sourceTree = "<group>"; };
		E8A6FE3117A995AB00C4DEAB /* TCPanel_Mode.m */ = {isa = PBXFileReference; fileEncoding = 4; lastKnownFileType = sourcecode.c.objc; name = TCPanel_Mode.m; path = Interface/TCPanel_Mode.m; sourceTree = "<group>"; };
		E8A6FE3317A995D100C4DEAB /* TCPanel_Advanced.h */ = {isa = PBXFileReference; fileEncoding = 4; lastKnownFileType = sourcecode.c.h; name = TCPanel_Advanced.h; path = Interface/TCPanel_Advanced.h; sourceTree = "<group>"; };
		E8A6FE3417A995D100C4DEAB /* TCPanel_Advanced.m */ = {isa = PBXFileReference; fileEncoding = 4; lastKnownFileType = sourcecode.c.objc; name = TCPanel_Advanced.m; path = Interface/TCPanel_Advanced.m; sourceTree = "<group>"; };
		E8A6FE3617A995F100C4DEAB /* TCPanel_Basic.h */ = {isa = PBXFileReference; fileEncoding = 4; lastKnownFileType = sourcecode.c.h; name = TCPanel_Basic.h; path = Interface/TCPanel_Basic.h; sourceTree = "<group>"; };
		E8A6FE3717A995F100C4DEAB /* TCPanel_Basic.m */ = {isa = PBXFileReference; fileEncoding = 4; lastKnownFileType = sourcecode.c.objc; name = TCPanel_Basic.m; path = Interface/TCPanel_Basic.m; sourceTree = "<group>"; };
		E8A7F6DC185D22F8002A4495 /* TCChatTableView.h */ = {isa = PBXFileReference; fileEncoding = 4; lastKnownFileType = sourcecode.c.h; name = TCChatTableView.h; path = Interface/TCChatTableView.h; sourceTree = "<group>"; };
		E8A7F6DD185D22F8002A4495 /* TCChatTableView.m */ = {isa = PBXFileReference; fileEncoding = 4; lastKnownFileType = sourcecode.c.objc; name = TCChatTableView.m; path = Interface/TCChatTableView.m; sourceTree = "<group>"; };
		E8BE843B124254BD0013968B /* tor */ = {isa = PBXFileReference; lastKnownFileType = "compiled.mach-o.executable"; name = tor; path = TorChat/Resources/tor; sourceTree = "<group>"; };
		E8C1EFF112F7169400E24C42 /* TCImage.m */ = {isa = PBXFileReference; fileEncoding = 4; lastKnownFileType = sourcecode.c.objc; path = TCImage.m; sourceTree = "<group>"; };
		E8C1EFF212F7169400E24C42 /* TCImage.h */ = {isa = PBXFileReference; fileEncoding = 4; lastKnownFileType = sourcecode.c.h; path = TCImage.h; sourceTree = "<group>"; };
		E8C398291205D51000B9307B /* TCSocket.m */ = {isa = PBXFileReference; fileEncoding = 4; lastKnownFileType = sourcecode.c.objc; path = TCSocket.m; sourceTree = "<group>"; };
		E8C3982A1205D51000B9307B /* TCSocket.h */ = {isa = PBXFileReference; fileEncoding = 4; lastKnownFileType = sourcecode.c.h; path = TCSocket.h; sourceTree = "<group>"; };
		E8C4CEE917B05EC600014783 /* en */ = {isa = PBXFileReference; lastKnownFileType = text.plist.strings; name = en; path = TorChat/en.lproj/AssistantPanel_Welcome.strings; sourceTree = "<group>"; };
		E8C4CEEC17B0605800014783 /* en */ = {isa = PBXFileReference; lastKnownFileType = text.plist.strings; name = en; path = TorChat/en.lproj/AssistantPanel_Advanced.strings; sourceTree = "<group>"; };
		E8C4CEEE17B0605800014783 /* en */ = {isa = PBXFileReference; lastKnownFileType = text.plist.strings; name = en; path = TorChat/en.lproj/AssistantPanel_Basic.strings; sourceTree = "<group>"; };
		E8C4CEF017B0605800014783 /* en */ = {isa = PBXFileReference; lastKnownFileType = text.plist.strings; name = en; path = TorChat/en.lproj/AssistantPanel_Mode.strings; sourceTree = "<group>"; };
		E8C79A7F17ABB9F300DE085E /* TCConstants.h */ = {isa = PBXFileReference; lastKnownFileType = sourcecode.c.h; path = TCConstants.h; sourceTree = "<group>"; };
		E8CC776D18ED50C5003AB0BF /* TCDragImage.h */ = {isa = PBXFileReference; fileEncoding = 4; lastKnownFileType = sourcecode.c.h; name = TCDragImage.h; path = Interface/TCDragImage.h; sourceTree = "<group>"; };
		E8CC776E18ED50C5003AB0BF /* TCDragImage.m */ = {isa = PBXFileReference; fileEncoding = 4; lastKnownFileType = sourcecode.c.objc; name = TCDragImage.m; path = Interface/TCDragImage.m; sourceTree = "<group>"; };
		E8CCCD7011FEE70E00C8EEFF /* TCFileSend.m */ = {isa = PBXFileReference; fileEncoding = 4; lastKnownFileType = sourcecode.c.objc; path = TCFileSend.m; sourceTree = "<group>"; };
		E8CCCD7111FEE70E00C8EEFF /* TCFileSend.h */ = {isa = PBXFileReference; fileEncoding = 4; lastKnownFileType = sourcecode.c.h; path = TCFileSend.h; sourceTree = "<group>"; };
		E8CCCD7311FEE72500C8EEFF /* TCFileReceive.m */ = {isa = PBXFileReference; fileEncoding = 4; lastKnownFileType = sourcecode.c.objc; path = TCFileReceive.m; sourceTree = "<group>"; };
		E8CCCD7411FEE72500C8EEFF /* TCFileReceive.h */ = {isa = PBXFileReference; fileEncoding = 4; lastKnownFileType = sourcecode.c.h; path = TCFileReceive.h; sourceTree = "<group>"; };
		E8D5E26014DAA0B400973297 /* TCSplitView.h */ = {isa = PBXFileReference; fileEncoding = 4; lastKnownFileType = sourcecode.c.h; name = TCSplitView.h; path = Interface/TCSplitView.h; sourceTree = "<group>"; };
		E8D5E26114DAA0B400973297 /* TCSplitView.m */ = {isa = PBXFileReference; fileEncoding = 4; lastKnownFileType = sourcecode.c.objc; name = TCSplitView.m; path = Interface/TCSplitView.m; sourceTree = "<group>"; };
		E8D5E26914DAD3E200973297 /* TCChatViewController.h */ = {isa = PBXFileReference; fileEncoding = 4; lastKnownFileType = sourcecode.c.h; name = TCChatViewController.h; path = Interface/TCChatViewController.h; sourceTree = "<group>"; };
		E8D5E26A14DAD3E200973297 /* TCChatViewController.m */ = {isa = PBXFileReference; fileEncoding = 4; lastKnownFileType = sourcecode.c.objc; name = TCChatViewController.m; path = Interface/TCChatViewController.m; sourceTree = "<group>"; };
		E8EDBCD217AA4C6500172B9C /* TCLogsManager.h */ = {isa = PBXFileReference; fileEncoding = 4; lastKnownFileType = sourcecode.c.h; name = TCLogsManager.h; path = Interface/TCLogsManager.h; sourceTree = "<group>"; };
		E8EDBCD317AA4C6500172B9C /* TCLogsManager.m */ = {isa = PBXFileReference; fileEncoding = 4; lastKnownFileType = sourcecode.c.objc; name = TCLogsManager.m; path = Interface/TCLogsManager.m; sourceTree = "<group>"; };
		E8F15A78130425A4000593E1 /* TCKeyedText.h */ = {isa = PBXFileReference; fileEncoding = 4; lastKnownFileType = sourcecode.c.h; name = TCKeyedText.h; path = Interface/TCKeyedText.h; sourceTree = "<group>"; };
		E8F15A79130425A4000593E1 /* TCKeyedText.m */ = {isa = PBXFileReference; fileEncoding = 4; lastKnownFileType = sourcecode.c.objc; name = TCKeyedText.m; path = Interface/TCKeyedText.m; sourceTree = "<group>"; };
		E8F16D3211FF7E9700DFA05F /* TCParser.m */ = {isa = PBXFileReference; fileEncoding = 4; lastKnownFileType = sourcecode.c.objc; path = TCParser.m; sourceTree = "<group>"; };
		E8F16D3311FF7E9700DFA05F /* TCParser.h */ = {isa = PBXFileReference; fileEncoding = 4; lastKnownFileType = sourcecode.c.h; path = TCParser.h; sourceTree = "<group>"; };
/* End PBXFileReference section */

/* Begin PBXFrameworksBuildPhase section */
		E81FD9F111E7259B000614D5 /* Frameworks */ = {
			isa = PBXFrameworksBuildPhase;
			buildActionMask = 2147483647;
			files = (
				E809B1A51859CC4B001664E1 /* WebKit.framework in Frameworks */,
				E80414CB17A57722008220C9 /* Security.framework in Frameworks */,
				E81FD9F811E7259B000614D5 /* Cocoa.framework in Frameworks */,
			);
			runOnlyForDeploymentPostprocessing = 0;
		};
/* End PBXFrameworksBuildPhase section */

/* Begin PBXGroup section */
		E81FD9E511E7259B000614D5 = {
			isa = PBXGroup;
			children = (
				E837DAD311E7739D004BC524 /* Sources */,
				E81FD9ED11E7259B000614D5 /* Other Sources */,
				E81FD9EE11E7259B000614D5 /* Resources */,
				E81FD9EF11E7259B000614D5 /* Frameworks */,
				E81FD9F511E7259B000614D5 /* Products */,
			);
			sourceTree = "<group>";
		};
		E81FD9ED11E7259B000614D5 /* Other Sources */ = {
			isa = PBXGroup;
			children = (
				E82D3F81142D2ABF00A33C7A /* TorChat_Prefix.pch */,
				E82D3F82142D2AF300A33C7A /* main.m */,
			);
			name = "Other Sources";
			sourceTree = "<group>";
		};
		E81FD9EE11E7259B000614D5 /* Resources */ = {
			isa = PBXGroup;
			children = (
				E82D3F7F142D2AB400A33C7A /* TorChat-Info.plist */,
				E8BE843B124254BD0013968B /* tor */,
				E85514DD18E4353F00970E54 /* libevent-2.0.5.dylib */,
				E81FD9FB11E7259B000614D5 /* InfoPlist.strings */,
				E81FDA0011E7259C000614D5 /* MainMenu.xib */,
				E83423EA11F6F97B00922152 /* Localizable.strings */,
				E809B1E61859F186001664E1 /* Images.xcassets */,
			);
			name = Resources;
			sourceTree = "<group>";
		};
		E81FD9EF11E7259B000614D5 /* Frameworks */ = {
			isa = PBXGroup;
			children = (
				E809B1A41859CC4B001664E1 /* WebKit.framework */,
				E80414CA17A57722008220C9 /* Security.framework */,
				E81FD9F711E7259B000614D5 /* Cocoa.framework */,
			);
			name = Frameworks;
			sourceTree = "<group>";
		};
		E81FD9F511E7259B000614D5 /* Products */ = {
			isa = PBXGroup;
			children = (
				E81FD9F411E7259B000614D5 /* TorChat.app */,
			);
			name = Products;
			sourceTree = "<group>";
		};
		E837DAD311E7739D004BC524 /* Sources */ = {
			isa = PBXGroup;
			children = (
				E837DAD411E7739D004BC524 /* Core */,
				E83AD974127B543700538925 /* Interface */,
			);
			name = Sources;
			path = TorChat/Sources;
			sourceTree = "<group>";
		};
		E837DAD411E7739D004BC524 /* Core */ = {
			isa = PBXGroup;
			children = (
				E837DADA11E7739D004BC524 /* TCConfig.h */,
				E84641AF186091FE0046BEFB /* TCDebugLog.h */,
				E8C79A7F17ABB9F300DE085E /* TCConstants.h */,
				E837DADC11E7739D004BC524 /* TCCoreManager.h */,
				E837DADB11E7739D004BC524 /* TCCoreManager.m */,
				E88AE83611EDE9D50037D808 /* TCConnection.h */,
				E88AE83511EDE9D50037D808 /* TCConnection.m */,
				E837DAD611E7739D004BC524 /* TCBuddy.h */,
				E837DAD511E7739D004BC524 /* TCBuddy.m */,
				E8CCCD7111FEE70E00C8EEFF /* TCFileSend.h */,
				E8CCCD7011FEE70E00C8EEFF /* TCFileSend.m */,
				E8CCCD7411FEE72500C8EEFF /* TCFileReceive.h */,
				E8CCCD7311FEE72500C8EEFF /* TCFileReceive.m */,
				E8EF53781209A6FC007C5A04 /* Components */,
				E8455D4017A4382C0046307B /* Categories */,
			);
			path = Core;
			sourceTree = "<group>";
		};
		E83AD974127B543700538925 /* Interface */ = {
			isa = PBXGroup;
			children = (
				E889F0C912531DD6000C36B2 /* TorChatAppDelegate.h */,
				E889F0CA12531DD6000C36B2 /* TorChatAppDelegate.m */,
				E870BD7B17A8482300DFA076 /* Controllers */,
				E870BD8017A8487100DFA076 /* Managers */,
				E870BD9717A84B4100DFA076 /* Views */,
				E870BD7C17A8483500DFA076 /* Components */,
				E874146312FA970900BD4862 /* Categories */,
			);
			name = Interface;
			sourceTree = "<group>";
		};
		E83AD976127B545E00538925 /* Main */ = {
			isa = PBXGroup;
			children = (
				E82B7D88125A0EA700B7BA8A /* TCMainController.h */,
				E82B7D8E125A115400B7BA8A /* TCMainController.m */,
			);
			name = Main;
			sourceTree = "<group>";
		};
		E83AD977127B546800538925 /* Buddies */ = {
			isa = PBXGroup;
			children = (
				E889F0A412531D3F000C36B2 /* TCBuddiesWindowController.h */,
				E889F0A512531D3F000C36B2 /* TCBuddiesWindowController.m */,
				E889F0A712531D48000C36B2 /* TCBuddyInfoWindowController.h */,
				E889F0A812531D48000C36B2 /* TCBuddyInfoWindowController.m */,
				E870BD8317A8490500DFA076 /* Views */,
				E870BD8717A8498400DFA076 /* Resources */,
			);
			name = Buddies;
			sourceTree = "<group>";
		};
		E83AD979127B549100538925 /* Assistant */ = {
			isa = PBXGroup;
			children = (
				E889F0B912531D92000C36B2 /* TCAssistantWindowController.h */,
				E889F0BA12531D92000C36B2 /* TCAssistantWindowController.m */,
				E8A6FE2D17A9942700C4DEAB /* TCPanel.h */,
				E8A6FE2917A993A700C4DEAB /* Panels */,
				E870BD8517A8494D00DFA076 /* Views */,
				E870BD8917A849C600DFA076 /* Resources */,
			);
			name = Assistant;
			sourceTree = "<group>";
		};
		E83AD97A127B54A300538925 /* Files */ = {
			isa = PBXGroup;
			children = (
				E889F0BF12531DAC000C36B2 /* TCFilesCommon.h */,
				E889F0C012531DB2000C36B2 /* TCFilesWindowController.h */,
				E889F0C112531DB2000C36B2 /* TCFilesWindowController.m */,
				E870BD8617A8496000DFA076 /* Views */,
				E870BD8A17A849F200DFA076 /* Resources */,
			);
			name = Files;
			sourceTree = "<group>";
		};
		E83AD97B127B54B300538925 /* Logs */ = {
			isa = PBXGroup;
			children = (
				E889F0C612531DC9000C36B2 /* TCLogsWindowController.h */,
				E889F0C712531DC9000C36B2 /* TCLogsWindowController.m */,
				E870BD8B17A849FF00DFA076 /* Resources */,
			);
			name = Logs;
			sourceTree = "<group>";
		};
		E83AD97C127B54C200538925 /* Preferences */ = {
			isa = PBXGroup;
			children = (
				E82B7D72125A074600B7BA8A /* TCPreferencesWindowController.h */,
				E82B7D79125A08A800B7BA8A /* TCPreferencesWindowController.m */,
				E870BD8C17A84A0A00DFA076 /* Resources */,
			);
			name = Preferences;
			sourceTree = "<group>";
		};
		E8455D4017A4382C0046307B /* Categories */ = {
			isa = PBXGroup;
			children = (
				E8455D4417A438660046307B /* NSData+TCTools.h */,
				E8455D4517A438660046307B /* NSData+TCTools.m */,
				E80414C717A557B7008220C9 /* NSArray+TCTools.h */,
				E80414C817A557B7008220C9 /* NSArray+TCTools.m */,
			);
			name = Categories;
			sourceTree = "<group>";
		};
		E870BD7B17A8482300DFA076 /* Controllers */ = {
			isa = PBXGroup;
			children = (
				E83AD976127B545E00538925 /* Main */,
				E83AD977127B546800538925 /* Buddies */,
				E870BD8117A848D000DFA076 /* Chat */,
				E83AD979127B549100538925 /* Assistant */,
				E83AD97A127B54A300538925 /* Files */,
				E83AD97B127B54B300538925 /* Logs */,
				E83AD97C127B54C200538925 /* Preferences */,
			);
			name = Controllers;
			sourceTree = "<group>";
		};
		E870BD7C17A8483500DFA076 /* Components */ = {
			isa = PBXGroup;
			children = (
				E882D1AC1429DD0B009CCD01 /* TCConfigProxy.h */,
				E889F0A112531D33000C36B2 /* TCConfigPlist.h */,
				E889F0A212531D33000C36B2 /* TCConfigPlist.m */,
				E8455D3B17A425F00046307B /* TCValue.h */,
				E8455D3C17A425F00046307B /* TCValue.m */,
				E8F15A78130425A4000593E1 /* TCKeyedText.h */,
				E8F15A79130425A4000593E1 /* TCKeyedText.m */,
				E8CC776D18ED50C5003AB0BF /* TCDragImage.h */,
				E8CC776E18ED50C5003AB0BF /* TCDragImage.m */,
			);
			name = Components;
			sourceTree = "<group>";
		};
		E870BD8017A8487100DFA076 /* Managers */ = {
			isa = PBXGroup;
			children = (
				E889F09E12531D1E000C36B2 /* TCTorManager.h */,
				E889F09F12531D1E000C36B2 /* TCTorManager.m */,
				E8EDBCD217AA4C6500172B9C /* TCLogsManager.h */,
				E8EDBCD317AA4C6500172B9C /* TCLogsManager.m */,
			);
			name = Managers;
			sourceTree = "<group>";
		};
		E870BD8117A848D000DFA076 /* Chat */ = {
			isa = PBXGroup;
			children = (
				E889F0AD12531D62000C36B2 /* TCChatWindowController.h */,
				E889F0AE12531D62000C36B2 /* TCChatWindowController.m */,
				E870BD8417A8491200DFA076 /* Views */,
				E870BD8817A849B200DFA076 /* Resources */,
			);
			name = Chat;
			sourceTree = "<group>";
		};
		E870BD8317A8490500DFA076 /* Views */ = {
			isa = PBXGroup;
			children = (
				E878981417AFCC0900DB7709 /* TCBuddyCellView.h */,
				E878981517AFCC0900DB7709 /* TCBuddyCellView.m */,
				E874146912FAE0C200BD4862 /* TCDropButton.h */,
				E874146A12FAE0C200BD4862 /* TCDropButton.m */,
				E88879FD1303EA9600C7D60E /* TCDragImageView.h */,
				E88879FE1303EA9900C7D60E /* TCDragImageView.m */,
			);
			name = Views;
			sourceTree = "<group>";
		};
		E870BD8417A8491200DFA076 /* Views */ = {
			isa = PBXGroup;
			children = (
				E8D5E26914DAD3E200973297 /* TCChatViewController.h */,
				E8D5E26A14DAD3E200973297 /* TCChatViewController.m */,
				E809B1431859C593001664E1 /* TCChatTranscriptViewController.h */,
				E809B1441859C593001664E1 /* TCChatTranscriptViewController.m */,
				E8A7F6DC185D22F8002A4495 /* TCChatTableView.h */,
				E8A7F6DD185D22F8002A4495 /* TCChatTableView.m */,
				E852235017B504CA00C6F585 /* TCChatCellView.h */,
				E852235117B504CA00C6F585 /* TCChatCellView.m */,
				E8127AA71854CB1100FEDA7F /* TCChatTextField.h */,
				E8127AA81854CB1100FEDA7F /* TCChatTextField.m */,
			);
			name = Views;
			sourceTree = "<group>";
		};
		E870BD8517A8494D00DFA076 /* Views */ = {
			isa = PBXGroup;
			children = (
				E889F0BC12531D9C000C36B2 /* TCAssistantBack.h */,
				E889F0BD12531D9C000C36B2 /* TCAssistantBack.m */,
			);
			name = Views;
			sourceTree = "<group>";
		};
		E870BD8617A8496000DFA076 /* Views */ = {
			isa = PBXGroup;
			children = (
				E86B5A1617AE7C6C00C715CA /* TCFileCellView.h */,
				E86B5A1717AE7C6C00C715CA /* TCFileCellView.m */,
			);
			name = Views;
			sourceTree = "<group>";
		};
		E870BD8717A8498400DFA076 /* Resources */ = {
			isa = PBXGroup;
			children = (
				E870BD9117A84A9600DFA076 /* XIB */,
			);
			name = Resources;
			sourceTree = "<group>";
		};
		E870BD8817A849B200DFA076 /* Resources */ = {
			isa = PBXGroup;
			children = (
				E809B14D1859C6F9001664E1 /* ChatTemplate.plist */,
				E870BD8D17A84A3B00DFA076 /* XIB */,
			);
			name = Resources;
			sourceTree = "<group>";
		};
		E870BD8917A849C600DFA076 /* Resources */ = {
			isa = PBXGroup;
			children = (
				E870BD8F17A84A6900DFA076 /* XIB */,
			);
			name = Resources;
			sourceTree = "<group>";
		};
		E870BD8A17A849F200DFA076 /* Resources */ = {
			isa = PBXGroup;
			children = (
				E870BD9317A84AC500DFA076 /* XIB */,
			);
			name = Resources;
			sourceTree = "<group>";
		};
		E870BD8B17A849FF00DFA076 /* Resources */ = {
			isa = PBXGroup;
			children = (
				E807B4B0124FB52700FDC769 /* LogsWindow.xib */,
			);
			name = Resources;
			sourceTree = "<group>";
		};
		E870BD8C17A84A0A00DFA076 /* Resources */ = {
			isa = PBXGroup;
			children = (
				E82B7D7B125A098000B7BA8A /* PreferencesWindow.xib */,
			);
			name = Resources;
			sourceTree = "<group>";
		};
		E870BD8D17A84A3B00DFA076 /* XIB */ = {
			isa = PBXGroup;
			children = (
				E85923FA120A9E460035C420 /* ChatWindow.xib */,
				E8D5E26314DACFA200973297 /* ChatView.xib */,
			);
			name = XIB;
			sourceTree = "<group>";
		};
		E870BD8F17A84A6900DFA076 /* XIB */ = {
			isa = PBXGroup;
			children = (
				E85923F8120A9E3E0035C420 /* AssistantWindow.xib */,
				E878984517B05C0B00DB7709 /* AssistantPanel_Mode.xib */,
				E878984117B05C0B00DB7709 /* AssistantPanel_Advanced.xib */,
				E878984317B05C0B00DB7709 /* AssistantPanel_Basic.xib */,
				E878983817B05BC800DB7709 /* AssistantPanel_Welcome.xib */,
			);
			name = XIB;
			sourceTree = "<group>";
		};
		E870BD9117A84A9600DFA076 /* XIB */ = {
			isa = PBXGroup;
			children = (
				E85923FC120A9E4D0035C420 /* BuddiesWindow.xib */,
				E87CB85112508F7A00A75686 /* BuddyInfoWindow.xib */,
			);
			name = XIB;
			sourceTree = "<group>";
		};
		E870BD9317A84AC500DFA076 /* XIB */ = {
			isa = PBXGroup;
			children = (
				E85923F5120A9E060035C420 /* FilesWindow.xib */,
			);
			name = XIB;
			sourceTree = "<group>";
		};
		E870BD9717A84B4100DFA076 /* Views */ = {
			isa = PBXGroup;
			children = (
				E889F09812531D07000C36B2 /* TCButton.h */,
				E889F09912531D07000C36B2 /* TCButton.m */,
				E889F09B12531D12000C36B2 /* TCTableView.h */,
				E889F09C12531D12000C36B2 /* TCTableView.m */,
				E8D5E26014DAA0B400973297 /* TCSplitView.h */,
				E8D5E26114DAA0B400973297 /* TCSplitView.m */,
				E8A2CC47185CC2AF00624448 /* TCThreePartImageView.h */,
				E8A2CC48185CC2AF00624448 /* TCThreePartImageView.m */,
			);
			name = Views;
			sourceTree = "<group>";
		};
		E874146312FA970900BD4862 /* Categories */ = {
			isa = PBXGroup;
			children = (
				E889F09512531CFB000C36B2 /* NSString+TCExtension.h */,
				E889F09612531CFB000C36B2 /* NSString+TCExtension.m */,
				E809B1461859C5BC001664E1 /* NSImage+TCExtension.h */,
				E809B1471859C5BC001664E1 /* NSImage+TCExtension.m */,
			);
			name = Categories;
			sourceTree = "<group>";
		};
		E8A6FE2917A993A700C4DEAB /* Panels */ = {
			isa = PBXGroup;
			children = (
				E8A6FE2A17A993FC00C4DEAB /* TCPanel_Welcome.h */,
				E8A6FE2B17A993FC00C4DEAB /* TCPanel_Welcome.m */,
				E8A6FE3017A995AB00C4DEAB /* TCPanel_Mode.h */,
				E8A6FE3117A995AB00C4DEAB /* TCPanel_Mode.m */,
				E8A6FE3317A995D100C4DEAB /* TCPanel_Advanced.h */,
				E8A6FE3417A995D100C4DEAB /* TCPanel_Advanced.m */,
				E8A6FE3617A995F100C4DEAB /* TCPanel_Basic.h */,
				E8A6FE3717A995F100C4DEAB /* TCPanel_Basic.m */,
			);
			name = Panels;
			sourceTree = "<group>";
		};
		E8EF53781209A6FC007C5A04 /* Components */ = {
			isa = PBXGroup;
			children = (
				E835491717A810E1003C08BB /* TCInfo.h */,
				E835491817A810E1003C08BB /* TCInfo.m */,
				E8C1EFF212F7169400E24C42 /* TCImage.h */,
				E8C1EFF112F7169400E24C42 /* TCImage.m */,
				E8F16D3311FF7E9700DFA05F /* TCParser.h */,
				E8F16D3211FF7E9700DFA05F /* TCParser.m */,
				E837DAD811E7739D004BC524 /* TCBuffer.h */,
				E837DAD711E7739D004BC524 /* TCBuffer.m */,
				E85903B111EC9877005CE53F /* TCTools.h */,
				E85903B011EC9877005CE53F /* TCTools.m */,
				E8C3982A1205D51000B9307B /* TCSocket.h */,
				E8C398291205D51000B9307B /* TCSocket.m */,
			);
			name = Components;
			sourceTree = "<group>";
		};
/* End PBXGroup section */

/* Begin PBXNativeTarget section */
		E81FD9F311E7259B000614D5 /* TorChat */ = {
			isa = PBXNativeTarget;
			buildConfigurationList = E81FDA0B11E7259C000614D5 /* Build configuration list for PBXNativeTarget "TorChat" */;
			buildPhases = (
				E81FD9F011E7259B000614D5 /* Sources */,
				E81FD9F111E7259B000614D5 /* Frameworks */,
				E81FD9F211E7259B000614D5 /* Resources */,
				E8D825131912BF4700C0D172 /* Set CFBundleVersion */,
			);
			buildRules = (
			);
			dependencies = (
			);
			name = TorChat;
			productName = TorChat;
			productReference = E81FD9F411E7259B000614D5 /* TorChat.app */;
			productType = "com.apple.product-type.application";
		};
/* End PBXNativeTarget section */

/* Begin PBXProject section */
		E81FD9E711E7259B000614D5 /* Project object */ = {
			isa = PBXProject;
			attributes = {
				LastUpgradeCheck = 0600;
				ORGANIZATIONNAME = SourceMac;
			};
			buildConfigurationList = E81FD9EA11E7259B000614D5 /* Build configuration list for PBXProject "TorChat" */;
			compatibilityVersion = "Xcode 3.2";
			developmentRegion = English;
			hasScannedForEncodings = 0;
			knownRegions = (
				en,
				Base,
				fr,
			);
			mainGroup = E81FD9E511E7259B000614D5;
			productRefGroup = E81FD9F511E7259B000614D5 /* Products */;
			projectDirPath = "";
			projectRoot = "";
			targets = (
				E81FD9F311E7259B000614D5 /* TorChat */,
			);
		};
/* End PBXProject section */

/* Begin PBXResourcesBuildPhase section */
		E81FD9F211E7259B000614D5 /* Resources */ = {
			isa = PBXResourcesBuildPhase;
			buildActionMask = 2147483647;
			files = (
				E81FD9FD11E7259B000614D5 /* InfoPlist.strings in Resources */,
				E81FDA0211E7259C000614D5 /* MainMenu.xib in Resources */,
				E82FA258121583A400106C47 /* BuddiesWindow.xib in Resources */,
				E82FA259121583A800106C47 /* AssistantWindow.xib in Resources */,
				E85923F7120A9E060035C420 /* FilesWindow.xib in Resources */,
				E82FA25A121583B300106C47 /* ChatWindow.xib in Resources */,
				E878983A17B05BC800DB7709 /* AssistantPanel_Welcome.xib in Resources */,
				E878984717B05C0B00DB7709 /* AssistantPanel_Advanced.xib in Resources */,
				E83423F111F6FA2100922152 /* Localizable.strings in Resources */,
				E878984817B05C0B00DB7709 /* AssistantPanel_Basic.xib in Resources */,
				E878984917B05C0B00DB7709 /* AssistantPanel_Mode.xib in Resources */,
				E809B14E1859C6F9001664E1 /* ChatTemplate.plist in Resources */,
				E8BE843C124254BE0013968B /* tor in Resources */,
				E85514DF18E4355300970E54 /* libevent-2.0.5.dylib in Resources */,
				E807B4B2124FB52700FDC769 /* LogsWindow.xib in Resources */,
				E87CB85312508F7A00A75686 /* BuddyInfoWindow.xib in Resources */,
				E82B7D7D125A098000B7BA8A /* PreferencesWindow.xib in Resources */,
				E809B1E71859F186001664E1 /* Images.xcassets in Resources */,
				E8D5E26514DACFA200973297 /* ChatView.xib in Resources */,
			);
			runOnlyForDeploymentPostprocessing = 0;
		};
/* End PBXResourcesBuildPhase section */

/* Begin PBXShellScriptBuildPhase section */
		E8D825131912BF4700C0D172 /* Set CFBundleVersion */ = {
			isa = PBXShellScriptBuildPhase;
			buildActionMask = 2147483647;
			files = (
			);
			inputPaths = (
			);
			name = "Set CFBundleVersion";
			outputPaths = (
			);
			runOnlyForDeploymentPostprocessing = 0;
			shellPath = /bin/sh;
			shellScript = "COMMIT_HASH=$( cd \"${PROJECT_DIR}\";  git rev-parse --short HEAD )\n\nif [ $? -eq 0 ]; then\n    /usr/libexec/PlistBuddy -c \"Set :CFBundleVersion ${COMMIT_HASH}\" \"${BUILT_PRODUCTS_DIR}/${INFOPLIST_PATH}\"\n    exit 0\nelse\n    echo \"Can't get current commit hash\"\n    exit 1\nfi";
		};
/* End PBXShellScriptBuildPhase section */

/* Begin PBXSourcesBuildPhase section */
		E81FD9F011E7259B000614D5 /* Sources */ = {
			isa = PBXSourcesBuildPhase;
			buildActionMask = 2147483647;
			files = (
				E837DAE011E7739D004BC524 /* TCBuddy.m in Sources */,
				E837DAE111E7739D004BC524 /* TCBuffer.m in Sources */,
				E837DAE311E7739D004BC524 /* TCCoreManager.m in Sources */,
				E85903B211EC9877005CE53F /* TCTools.m in Sources */,
				E88AE83711EDE9D50037D808 /* TCConnection.m in Sources */,
				E8CCCD7211FEE70E00C8EEFF /* TCFileSend.m in Sources */,
				E809B1451859C593001664E1 /* TCChatTranscriptViewController.m in Sources */,
				E8CCCD7511FEE72500C8EEFF /* TCFileReceive.m in Sources */,
				E8F16D3411FF7E9700DFA05F /* TCParser.m in Sources */,
				E8C3982B1205D51000B9307B /* TCSocket.m in Sources */,
				E889F09712531CFB000C36B2 /* NSString+TCExtension.m in Sources */,
				E8A6FE3817A995F100C4DEAB /* TCPanel_Basic.m in Sources */,
				E8127AA91854CB1100FEDA7F /* TCChatTextField.m in Sources */,
				E889F09A12531D07000C36B2 /* TCButton.m in Sources */,
				E889F09D12531D12000C36B2 /* TCTableView.m in Sources */,
				E889F0A012531D1E000C36B2 /* TCTorManager.m in Sources */,
				E889F0A312531D33000C36B2 /* TCConfigPlist.m in Sources */,
				E889F0A612531D3F000C36B2 /* TCBuddiesWindowController.m in Sources */,
				E889F0A912531D48000C36B2 /* TCBuddyInfoWindowController.m in Sources */,
				E889F0AF12531D62000C36B2 /* TCChatWindowController.m in Sources */,
				E889F0BB12531D92000C36B2 /* TCAssistantWindowController.m in Sources */,
				E878981617AFCC0900DB7709 /* TCBuddyCellView.m in Sources */,
				E8A6FE2C17A993FC00C4DEAB /* TCPanel_Welcome.m in Sources */,
				E889F0BE12531D9C000C36B2 /* TCAssistantBack.m in Sources */,
				E889F0C212531DB2000C36B2 /* TCFilesWindowController.m in Sources */,
				E889F0C812531DC9000C36B2 /* TCLogsWindowController.m in Sources */,
				E889F0CB12531DD6000C36B2 /* TorChatAppDelegate.m in Sources */,
				E82B7D7A125A08A800B7BA8A /* TCPreferencesWindowController.m in Sources */,
				E852235217B504CA00C6F585 /* TCChatCellView.m in Sources */,
				E809B1481859C5BC001664E1 /* NSImage+TCExtension.m in Sources */,
				E82B7D8F125A115400B7BA8A /* TCMainController.m in Sources */,
				E8A2CC49185CC2AF00624448 /* TCThreePartImageView.m in Sources */,
				E835491917A810E1003C08BB /* TCInfo.m in Sources */,
				E8C1EFF312F7169400E24C42 /* TCImage.m in Sources */,
				E8EDBCD417AA4C6500172B9C /* TCLogsManager.m in Sources */,
				E8CC776F18ED50C5003AB0BF /* TCDragImage.m in Sources */,
				E874146B12FAE0C200BD4862 /* TCDropButton.m in Sources */,
				E88879FF1303EA9F00C7D60E /* TCDragImageView.m in Sources */,
				E8F15A7A130425A4000593E1 /* TCKeyedText.m in Sources */,
				E8A7F6DE185D22F8002A4495 /* TCChatTableView.m in Sources */,
				E8A6FE3217A995AB00C4DEAB /* TCPanel_Mode.m in Sources */,
				E82D3F83142D2AF300A33C7A /* main.m in Sources */,
				E8D5E26214DAA0B400973297 /* TCSplitView.m in Sources */,
				E8D5E26B14DAD3E200973297 /* TCChatViewController.m in Sources */,
				E8A6FE3517A995D100C4DEAB /* TCPanel_Advanced.m in Sources */,
				E8455D3D17A425F00046307B /* TCValue.m in Sources */,
				E8455D4617A4386C0046307B /* NSData+TCTools.m in Sources */,
				E86B5A1817AE7C6C00C715CA /* TCFileCellView.m in Sources */,
				E80414C917A557B7008220C9 /* NSArray+TCTools.m in Sources */,
			);
			runOnlyForDeploymentPostprocessing = 0;
		};
/* End PBXSourcesBuildPhase section */

/* Begin PBXVariantGroup section */
		E807B4B0124FB52700FDC769 /* LogsWindow.xib */ = {
			isa = PBXVariantGroup;
			children = (
				E878982117B0581B00DB7709 /* Base */,
				E878983517B058A700DB7709 /* en */,
				E87E206417B1084A00FAB545 /* fr */,
			);
			name = LogsWindow.xib;
			path = ../..;
			sourceTree = "<group>";
		};
		E81FD9FB11E7259B000614D5 /* InfoPlist.strings */ = {
			isa = PBXVariantGroup;
			children = (
				E81FD9FC11E7259B000614D5 /* en */,
				E87E206717B1084A00FAB545 /* fr */,
			);
			name = InfoPlist.strings;
			sourceTree = "<group>";
		};
		E81FDA0011E7259C000614D5 /* MainMenu.xib */ = {
			isa = PBXVariantGroup;
			children = (
				E878982317B0581B00DB7709 /* Base */,
				E84FE49617B06357006E2D12 /* en */,
				E87E206617B1084A00FAB545 /* fr */,
			);
			name = MainMenu.xib;
			sourceTree = "<group>";
		};
		E82B7D7B125A098000B7BA8A /* PreferencesWindow.xib */ = {
			isa = PBXVariantGroup;
			children = (
				E878982217B0581B00DB7709 /* Base */,
				E878983717B058AE00DB7709 /* en */,
				E87E206517B1084A00FAB545 /* fr */,
			);
			name = PreferencesWindow.xib;
			path = ../..;
			sourceTree = "<group>";
		};
		E83423EA11F6F97B00922152 /* Localizable.strings */ = {
			isa = PBXVariantGroup;
			children = (
				E83423EB11F6F97B00922152 /* en */,
				E87E206817B1084A00FAB545 /* fr */,
			);
			name = Localizable.strings;
			sourceTree = "<group>";
		};
		E85923F5120A9E060035C420 /* FilesWindow.xib */ = {
			isa = PBXVariantGroup;
			children = (
				E878982017B0581B00DB7709 /* Base */,
				E878982517B0585700DB7709 /* en */,
				E87E206317B1084A00FAB545 /* fr */,
			);
			name = FilesWindow.xib;
			path = ../..;
			sourceTree = "<group>";
		};
		E85923F8120A9E3E0035C420 /* AssistantWindow.xib */ = {
			isa = PBXVariantGroup;
			children = (
				E878981B17B0581B00DB7709 /* Base */,
				E878982F17B0588A00DB7709 /* en */,
				E87E205E17B1084A00FAB545 /* fr */,
			);
			name = AssistantWindow.xib;
			path = ../..;
			sourceTree = "<group>";
		};
		E85923FA120A9E460035C420 /* ChatWindow.xib */ = {
			isa = PBXVariantGroup;
			children = (
				E878981917B0581B00DB7709 /* Base */,
				E84FE49717B06375006E2D12 /* en */,
				E87E205C17B1084A00FAB545 /* fr */,
			);
			name = ChatWindow.xib;
			path = ../..;
			sourceTree = "<group>";
		};
		E85923FC120A9E4D0035C420 /* BuddiesWindow.xib */ = {
			isa = PBXVariantGroup;
			children = (
				E878981717B0581B00DB7709 /* Base */,
				E878983317B0589C00DB7709 /* en */,
				E87E205A17B1084A00FAB545 /* fr */,
			);
			name = BuddiesWindow.xib;
			path = ../..;
			sourceTree = "<group>";
		};
		E878983817B05BC800DB7709 /* AssistantPanel_Welcome.xib */ = {
			isa = PBXVariantGroup;
			children = (
				E878983917B05BC800DB7709 /* Base */,
				E8C4CEE917B05EC600014783 /* en */,
				E87E206217B1084A00FAB545 /* fr */,
			);
			name = AssistantPanel_Welcome.xib;
			path = ../..;
			sourceTree = "<group>";
		};
		E878984117B05C0B00DB7709 /* AssistantPanel_Advanced.xib */ = {
			isa = PBXVariantGroup;
			children = (
				E878984217B05C0B00DB7709 /* Base */,
				E8C4CEEC17B0605800014783 /* en */,
				E87E206017B1084A00FAB545 /* fr */,
			);
			name = AssistantPanel_Advanced.xib;
			path = ../..;
			sourceTree = "<group>";
		};
		E878984317B05C0B00DB7709 /* AssistantPanel_Basic.xib */ = {
			isa = PBXVariantGroup;
			children = (
				E878984417B05C0B00DB7709 /* Base */,
				E8C4CEEE17B0605800014783 /* en */,
				E87E206117B1084A00FAB545 /* fr */,
			);
			name = AssistantPanel_Basic.xib;
			path = ../..;
			sourceTree = "<group>";
		};
		E878984517B05C0B00DB7709 /* AssistantPanel_Mode.xib */ = {
			isa = PBXVariantGroup;
			children = (
				E878984617B05C0B00DB7709 /* Base */,
				E8C4CEF017B0605800014783 /* en */,
				E87E205F17B1084A00FAB545 /* fr */,
			);
			name = AssistantPanel_Mode.xib;
			path = ../..;
			sourceTree = "<group>";
		};
		E87CB85112508F7A00A75686 /* BuddyInfoWindow.xib */ = {
			isa = PBXVariantGroup;
			children = (
				E878981817B0581B00DB7709 /* Base */,
				E878983117B0589500DB7709 /* en */,
				E87E205B17B1084A00FAB545 /* fr */,
			);
			name = BuddyInfoWindow.xib;
			path = ../..;
			sourceTree = "<group>";
		};
		E8D5E26314DACFA200973297 /* ChatView.xib */ = {
			isa = PBXVariantGroup;
			children = (
				E878981A17B0581B00DB7709 /* Base */,
				E84FE49817B0637C006E2D12 /* en */,
				E87E205D17B1084A00FAB545 /* fr */,
			);
			name = ChatView.xib;
			path = ../..;
			sourceTree = "<group>";
		};
/* End PBXVariantGroup section */

/* Begin XCBuildConfiguration section */
		E81FDA0911E7259C000614D5 /* Debug */ = {
			isa = XCBuildConfiguration;
			buildSettings = {
				CLANG_ANALYZER_SECURITY_FLOATLOOPCOUNTER = YES;
				CLANG_ANALYZER_SECURITY_INSECUREAPI_RAND = YES;
				CLANG_ANALYZER_SECURITY_INSECUREAPI_STRCPY = YES;
				CLANG_ENABLE_OBJC_ARC = YES;
				CLANG_WARN_BOOL_CONVERSION = YES;
				CLANG_WARN_CONSTANT_CONVERSION = YES;
				CLANG_WARN_DIRECT_OBJC_ISA_USAGE = YES_ERROR;
				CLANG_WARN_EMPTY_BODY = YES;
				CLANG_WARN_ENUM_CONVERSION = YES;
				CLANG_WARN_IMPLICIT_SIGN_CONVERSION = YES;
				CLANG_WARN_INT_CONVERSION = YES;
				CLANG_WARN_OBJC_IMPLICIT_ATOMIC_PROPERTIES = YES;
				CLANG_WARN_OBJC_RECEIVER_WEAK = YES;
				CLANG_WARN_OBJC_REPEATED_USE_OF_WEAK = YES;
				CLANG_WARN_OBJC_ROOT_CLASS = YES_ERROR;
				CLANG_WARN_SUSPICIOUS_IMPLICIT_CONVERSION = YES;
				CLANG_WARN__DUPLICATE_METHOD_MATCH = YES;
				CODE_SIGN_IDENTITY = "Developer ID Application";
				COPY_PHASE_STRIP = NO;
				GCC_OPTIMIZATION_LEVEL = 0;
				GCC_PRECOMPILE_PREFIX_HEADER = YES;
				GCC_PREPROCESSOR_DEFINITIONS = "DEBUG=1";
				GCC_TREAT_IMPLICIT_FUNCTION_DECLARATIONS_AS_ERRORS = YES;
				GCC_TREAT_INCOMPATIBLE_POINTER_TYPE_WARNINGS_AS_ERRORS = YES;
				GCC_WARN_64_TO_32_BIT_CONVERSION = YES;
				GCC_WARN_ABOUT_MISSING_FIELD_INITIALIZERS = YES;
				GCC_WARN_ABOUT_MISSING_PROTOTYPES = YES;
				GCC_WARN_ABOUT_POINTER_SIGNEDNESS = YES;
				GCC_WARN_ABOUT_RETURN_TYPE = YES_ERROR;
				GCC_WARN_ALLOW_INCOMPLETE_PROTOCOL = YES;
				GCC_WARN_INITIALIZER_NOT_FULLY_BRACKETED = YES;
				GCC_WARN_MISSING_PARENTHESES = YES;
				GCC_WARN_MULTIPLE_DEFINITION_TYPES_FOR_SELECTOR = NO;
				GCC_WARN_SHADOW = YES;
				GCC_WARN_UNDECLARED_SELECTOR = YES;
				GCC_WARN_UNINITIALIZED_AUTOS = YES;
				GCC_WARN_UNKNOWN_PRAGMAS = YES;
				GCC_WARN_UNUSED_FUNCTION = YES;
				GCC_WARN_UNUSED_LABEL = YES;
				GCC_WARN_UNUSED_VARIABLE = YES;
				MACOSX_DEPLOYMENT_TARGET = 10.9;
				ONLY_ACTIVE_ARCH = YES;
				SDKROOT = macosx10.9;
			};
			name = Debug;
		};
		E81FDA0A11E7259C000614D5 /* Release */ = {
			isa = XCBuildConfiguration;
			buildSettings = {
				CLANG_ANALYZER_SECURITY_FLOATLOOPCOUNTER = YES;
				CLANG_ANALYZER_SECURITY_INSECUREAPI_RAND = YES;
				CLANG_ANALYZER_SECURITY_INSECUREAPI_STRCPY = YES;
				CLANG_ENABLE_OBJC_ARC = YES;
				CLANG_WARN_BOOL_CONVERSION = YES;
				CLANG_WARN_CONSTANT_CONVERSION = YES;
				CLANG_WARN_DIRECT_OBJC_ISA_USAGE = YES_ERROR;
				CLANG_WARN_EMPTY_BODY = YES;
				CLANG_WARN_ENUM_CONVERSION = YES;
				CLANG_WARN_IMPLICIT_SIGN_CONVERSION = YES;
				CLANG_WARN_INT_CONVERSION = YES;
				CLANG_WARN_OBJC_IMPLICIT_ATOMIC_PROPERTIES = YES;
				CLANG_WARN_OBJC_RECEIVER_WEAK = YES;
				CLANG_WARN_OBJC_REPEATED_USE_OF_WEAK = YES;
				CLANG_WARN_OBJC_ROOT_CLASS = YES_ERROR;
				CLANG_WARN_SUSPICIOUS_IMPLICIT_CONVERSION = YES;
				CLANG_WARN__DUPLICATE_METHOD_MATCH = YES;
				CODE_SIGN_IDENTITY = "Developer ID Application";
				COPY_PHASE_STRIP = YES;
				DEBUG_INFORMATION_FORMAT = "dwarf-with-dsym";
				DEPLOYMENT_POSTPROCESSING = YES;
				GCC_OPTIMIZATION_LEVEL = fast;
				GCC_PRECOMPILE_PREFIX_HEADER = YES;
				GCC_TREAT_IMPLICIT_FUNCTION_DECLARATIONS_AS_ERRORS = YES;
				GCC_TREAT_INCOMPATIBLE_POINTER_TYPE_WARNINGS_AS_ERRORS = YES;
				GCC_WARN_64_TO_32_BIT_CONVERSION = YES;
				GCC_WARN_ABOUT_MISSING_FIELD_INITIALIZERS = YES;
				GCC_WARN_ABOUT_MISSING_PROTOTYPES = YES;
				GCC_WARN_ABOUT_POINTER_SIGNEDNESS = YES;
				GCC_WARN_ABOUT_RETURN_TYPE = YES_ERROR;
				GCC_WARN_ALLOW_INCOMPLETE_PROTOCOL = YES;
				GCC_WARN_INITIALIZER_NOT_FULLY_BRACKETED = YES;
				GCC_WARN_MISSING_PARENTHESES = YES;
				GCC_WARN_MULTIPLE_DEFINITION_TYPES_FOR_SELECTOR = NO;
				GCC_WARN_SHADOW = YES;
				GCC_WARN_UNDECLARED_SELECTOR = YES;
				GCC_WARN_UNINITIALIZED_AUTOS = YES;
				GCC_WARN_UNKNOWN_PRAGMAS = YES;
				GCC_WARN_UNUSED_FUNCTION = YES;
				GCC_WARN_UNUSED_LABEL = YES;
				GCC_WARN_UNUSED_VARIABLE = YES;
				MACOSX_DEPLOYMENT_TARGET = 10.9;
				SDKROOT = macosx10.9;
				STRIP_STYLE = debugging;
			};
			name = Release;
		};
		E81FDA0C11E7259C000614D5 /* Debug */ = {
			isa = XCBuildConfiguration;
			buildSettings = {
				ALWAYS_SEARCH_USER_PATHS = NO;
				ASSETCATALOG_COMPILER_APPICON_NAME = AppIcon;
				CODE_SIGN_IDENTITY = "Developer ID Application";
				COMBINE_HIDPI_IMAGES = YES;
				GCC_DYNAMIC_NO_PIC = NO;
				GCC_ENABLE_OBJC_EXCEPTIONS = YES;
				GCC_PREFIX_HEADER = TorChat/TorChat_Prefix.pch;
				INFOPLIST_FILE = "TorChat/TorChat-Info.plist";
				INSTALL_PATH = "$(HOME)/Applications";
				LIBRARY_SEARCH_PATHS = (
					"$(inherited)",
					"$(SDKROOT)/usr/lib/system",
					"$(PROJECT_DIR)/TorChat/Resources",
				);
				PRODUCT_NAME = TorChat;
				PROVISIONING_PROFILE = "";
				WRAPPER_EXTENSION = app;
			};
			name = Debug;
		};
		E81FDA0D11E7259C000614D5 /* Release */ = {
			isa = XCBuildConfiguration;
			buildSettings = {
				ALWAYS_SEARCH_USER_PATHS = NO;
				ASSETCATALOG_COMPILER_APPICON_NAME = AppIcon;
				CODE_SIGN_IDENTITY = "Developer ID Application";
				COMBINE_HIDPI_IMAGES = YES;
				GCC_ENABLE_OBJC_EXCEPTIONS = YES;
				GCC_PREFIX_HEADER = TorChat/TorChat_Prefix.pch;
				INFOPLIST_FILE = "TorChat/TorChat-Info.plist";
				INSTALL_PATH = "$(HOME)/Applications";
				LIBRARY_SEARCH_PATHS = (
					"$(inherited)",
					"$(SDKROOT)/usr/lib/system",
					"$(PROJECT_DIR)/TorChat/Resources",
				);
				PRODUCT_NAME = TorChat;
				PROVISIONING_PROFILE = "";
				WRAPPER_EXTENSION = app;
			};
			name = Release;
		};
/* End XCBuildConfiguration section */

/* Begin XCConfigurationList section */
		E81FD9EA11E7259B000614D5 /* Build configuration list for PBXProject "TorChat" */ = {
			isa = XCConfigurationList;
			buildConfigurations = (
				E81FDA0911E7259C000614D5 /* Debug */,
				E81FDA0A11E7259C000614D5 /* Release */,
			);
			defaultConfigurationIsVisible = 0;
			defaultConfigurationName = Release;
		};
		E81FDA0B11E7259C000614D5 /* Build configuration list for PBXNativeTarget "TorChat" */ = {
			isa = XCConfigurationList;
			buildConfigurations = (
				E81FDA0C11E7259C000614D5 /* Debug */,
				E81FDA0D11E7259C000614D5 /* Release */,
			);
			defaultConfigurationIsVisible = 0;
			defaultConfigurationName = Release;
		};
/* End XCConfigurationList section */
	};
	rootObject = E81FD9E711E7259B000614D5 /* Project object */;
}
